
Microsoft Visual Studio Solution File, Format Version 10.00
# Visual C++ Express 2008
Project("{8BC9CEB8-8B4A-11D0-8D11-00A0C91BC942}") = "ogreee", "ogreee.vcproj", "{1100EB9C-0437-4A61-8843-516762D6739F}"
EndProject
Global
	GlobalSection(SolutionConfigurationPlatforms) = preSolution
		Debug|Win32 = Debug|Win32
		Release|Win32 = Release|Win32
	EndGlobalSection
	GlobalSection(ProjectConfigurationPlatforms) = postSolution
		{1100EB9C-0437-4A61-8843-516762D6739F}.Debug|Win32.ActiveCfg = Debug|Win32
		{1100EB9C-0437-4A61-8843-516762D6739F}.Debug|Win32.Build.0 = Debug|Win32
		{1100EB9C-0437-4A61-8843-516762D6739F}.Release|Win32.ActiveCfg = Release|Win32
		{1100EB9C-0437-4A61-8843-516762D6739F}.Release|Win32.Build.0 = Release|Win32
	EndGlobalSection
	GlobalSection(SolutionProperties) = preSolution
		HideSolutionNode = FALSE
	EndGlobalSection
EndGlobal
