
Microsoft Visual Studio Solution File, Format Version 10.00
# Visual C++ Express 2008
Project("{8BC9CEB8-8B4A-11D0-8D11-00A0C91BC942}") = "cube", "cube.vcproj", "{0468C674-0837-43C2-8E56-7AEBC18A7871}"
EndProject
Global
	GlobalSection(SolutionConfigurationPlatforms) = preSolution
		Debug|Win32 = Debug|Win32
		Release|Win32 = Release|Win32
	EndGlobalSection
	GlobalSection(ProjectConfigurationPlatforms) = postSolution
		{0468C674-0837-43C2-8E56-7AEBC18A7871}.Debug|Win32.ActiveCfg = Debug|Win32
		{0468C674-0837-43C2-8E56-7AEBC18A7871}.Debug|Win32.Build.0 = Debug|Win32
		{0468C674-0837-43C2-8E56-7AEBC18A7871}.Release|Win32.ActiveCfg = Release|Win32
		{0468C674-0837-43C2-8E56-7AEBC18A7871}.Release|Win32.Build.0 = Release|Win32
	EndGlobalSection
	GlobalSection(SolutionProperties) = preSolution
		HideSolutionNode = FALSE
	EndGlobalSection
EndGlobal
